# This file is autogenerated, do not edit; changes may be undone by the next 'dep ensure'.


[[projects]]
  branch = "master"
  name = "github.com/shomali11/util"
  packages = [
    "xrunes",
    "xstrings"
  ]
  revision = "e0f70fd665ff79ac4fb200af18176bebcb5fcae3"

[solve-meta]
  analyzer-name = "dep"
  analyzer-version = 1
  inputs-digest = "b15b1cf21d73d06fa91c96871a3713846c118cce57ad161f45609ea088a150e1"
  solver-name = "gps-cdcl"
  solver-version = 1
